// !$*UTF8*$!
{
	archiveVersion = 1;
	classes = {
	};
	objectVersion = 50;
	objects = {

/* Begin PBXBuildFile section */
		784C653F239A694A00B9B30E /* AppDelegate.swift in Sources */ = {isa = PBXBuildFile; fileRef = 784C653E239A694A00B9B30E /* AppDelegate.swift */; };
		784C6541239A694A00B9B30E /* SceneDelegate.swift in Sources */ = {isa = PBXBuildFile; fileRef = 784C6540239A694A00B9B30E /* SceneDelegate.swift */; };
		784C6543239A694A00B9B30E /* ContentView.swift in Sources */ = {isa = PBXBuildFile; fileRef = 784C6542239A694A00B9B30E /* ContentView.swift */; };
		784C6545239A694D00B9B30E /* Assets.xcassets in Resources */ = {isa = PBXBuildFile; fileRef = 784C6544239A694D00B9B30E /* Assets.xcassets */; };
		784C6548239A694D00B9B30E /* Preview Assets.xcassets in Resources */ = {isa = PBXBuildFile; fileRef = 784C6547239A694D00B9B30E /* Preview Assets.xcassets */; };
		784C654B239A694D00B9B30E /* LaunchScreen.storyboard in Resources */ = {isa = PBXBuildFile; fileRef = 784C6549239A694D00B9B30E /* LaunchScreen.storyboard */; };
		784C6556239A694D00B9B30E /* WrapViewTests.swift in Sources */ = {isa = PBXBuildFile; fileRef = 784C6555239A694D00B9B30E /* WrapViewTests.swift */; };
		784C6561239A694D00B9B30E /* WrapViewUITests.swift in Sources */ = {isa = PBXBuildFile; fileRef = 784C6560239A694D00B9B30E /* WrapViewUITests.swift */; };
		784C6571239A69CB00B9B30E /* RectangleView.swift in Sources */ = {isa = PBXBuildFile; fileRef = 784C6570239A69CB00B9B30E /* RectangleView.swift */; };
/* End PBXBuildFile section */

/* Begin PBXContainerItemProxy section */
		784C6552239A694D00B9B30E /* PBXContainerItemProxy */ = {
			isa = PBXContainerItemProxy;
			containerPortal = 784C6533239A694A00B9B30E /* Project object */;
			proxyType = 1;
			remoteGlobalIDString = 784C653A239A694A00B9B30E;
			remoteInfo = WrapView;
		};
		784C655D239A694D00B9B30E /* PBXContainerItemProxy */ = {
			isa = PBXContainerItemProxy;
			containerPortal = 784C6533239A694A00B9B30E /* Project object */;
			proxyType = 1;
			remoteGlobalIDString = 784C653A239A694A00B9B30E;
			remoteInfo = WrapView;
		};
/* End PBXContainerItemProxy section */

/* Begin PBXFileReference section */
		784C653B239A694A00B9B30E /* WrapView.app */ = {isa = PBXFileReference; explicitFileType = wrapper.application; includeInIndex = 0; path = WrapView.app; sourceTree = BUILT_PRODUCTS_DIR; };
		784C653E239A694A00B9B30E /* AppDelegate.swift */ = {isa = PBXFileReference; lastKnownFileType = sourcecode.swift; path = AppDelegate.swift; sourceTree = "<group>"; };
		784C6540239A694A00B9B30E /* SceneDelegate.swift */ = {isa = PBXFileReference; lastKnownFileType = sourcecode.swift; path = SceneDelegate.swift; sourceTree = "<group>"; };
		784C6542239A694A00B9B30E /* ContentView.swift */ = {isa = PBXFileReference; lastKnownFileType = sourcecode.swift; path = ContentView.swift; sourceTree = "<group>"; };
		784C6544239A694D00B9B30E /* Assets.xcassets */ = {isa = PBXFileReference; lastKnownFileType = folder.assetcatalog; path = Assets.xcassets; sourceTree = "<group>"; };
		784C6547239A694D00B9B30E /* Preview Assets.xcassets */ = {isa = PBXFileReference; lastKnownFileType = folder.assetcatalog; path = "Preview Assets.xcassets"; sourceTree = "<group>"; };
		784C654A239A694D00B9B30E /* Base */ = {isa = PBXFileReference; lastKnownFileType = file.storyboard; name = Base; path = Base.lproj/LaunchScreen.storyboard; sourceTree = "<group>"; };
		784C654C239A694D00B9B30E /* Info.plist */ = {isa = PBXFileReference; lastKnownFileType = text.plist.xml; path = Info.plist; sourceTree = "<group>"; };
		784C6551239A694D00B9B30E /* WrapViewTests.xctest */ = {isa = PBXFileReference; explicitFileType = wrapper.cfbundle; includeInIndex = 0; path = WrapViewTests.xctest; sourceTree = BUILT_PRODUCTS_DIR; };
		784C6555239A694D00B9B30E /* WrapViewTests.swift */ = {isa = PBXFileReference; lastKnownFileType = sourcecode.swift; path = WrapViewTests.swift; sourceTree = "<group>"; };
		784C6557239A694D00B9B30E /* Info.plist */ = {isa = PBXFileReference; lastKnownFileType = text.plist.xml; path = Info.plist; sourceTree = "<group>"; };
		784C655C239A694D00B9B30E /* WrapViewUITests.xctest */ = {isa = PBXFileReference; explicitFileType = wrapper.cfbundle; includeInIndex = 0; path = WrapViewUITests.xctest; sourceTree = BUILT_PRODUCTS_DIR; };
		784C6560239A694D00B9B30E /* WrapViewUITests.swift */ = {isa = PBXFileReference; lastKnownFileType = sourcecode.swift; path = WrapViewUITests.swift; sourceTree = "<group>"; };
		784C6562239A694D00B9B30E /* Info.plist */ = {isa = PBXFileReference; lastKnownFileType = text.plist.xml; path = Info.plist; sourceTree = "<group>"; };
		784C6570239A69CB00B9B30E /* RectangleView.swift */ = {isa = PBXFileReference; lastKnownFileType = sourcecode.swift; path = RectangleView.swift; sourceTree = "<group>"; };
/* End PBXFileReference section */

/* Begin PBXFrameworksBuildPhase section */
		784C6538239A694A00B9B30E /* Frameworks */ = {
			isa = PBXFrameworksBuildPhase;
			buildActionMask = 2147483647;
			files = (
			);
			runOnlyForDeploymentPostprocessing = 0;
		};
		784C654E239A694D00B9B30E /* Frameworks */ = {
			isa = PBXFrameworksBuildPhase;
			buildActionMask = 2147483647;
			files = (
			);
			runOnlyForDeploymentPostprocessing = 0;
		};
		784C6559239A694D00B9B30E /* Frameworks */ = {
			isa = PBXFrameworksBuildPhase;
			buildActionMask = 2147483647;
			files = (
			);
			runOnlyForDeploymentPostprocessing = 0;
		};
/* End PBXFrameworksBuildPhase section */

/* Begin PBXGroup section */
		784C6532239A694900B9B30E = {
			isa = PBXGroup;
			children = (
				784C653D239A694A00B9B30E /* WrapView */,
				784C6554239A694D00B9B30E /* WrapViewTests */,
				784C655F239A694D00B9B30E /* WrapViewUITests */,
				784C653C239A694A00B9B30E /* Products */,
			);
			sourceTree = "<group>";
		};
		784C653C239A694A00B9B30E /* Products */ = {
			isa = PBXGroup;
			children = (
				784C653B239A694A00B9B30E /* WrapView.app */,
				784C6551239A694D00B9B30E /* WrapViewTests.xctest */,
				784C655C239A694D00B9B30E /* WrapViewUITests.xctest */,
			);
			name = Products;
			sourceTree = "<group>";
		};
		784C653D239A694A00B9B30E /* WrapView */ = {
			isa = PBXGroup;
			children = (
				784C656F239A69B600B9B30E /* WrapView */,
				784C656E239A69AD00B9B30E /* Main */,
				784C6544239A694D00B9B30E /* Assets.xcassets */,
				784C6549239A694D00B9B30E /* LaunchScreen.storyboard */,
				784C654C239A694D00B9B30E /* Info.plist */,
				784C6546239A694D00B9B30E /* Preview Content */,
			);
			path = WrapView;
			sourceTree = "<group>";
		};
		784C6546239A694D00B9B30E /* Preview Content */ = {
			isa = PBXGroup;
			children = (
				784C6547239A694D00B9B30E /* Preview Assets.xcassets */,
			);
			path = "Preview Content";
			sourceTree = "<group>";
		};
		784C6554239A694D00B9B30E /* WrapViewTests */ = {
			isa = PBXGroup;
			children = (
				784C6555239A694D00B9B30E /* WrapViewTests.swift */,
				784C6557239A694D00B9B30E /* Info.plist */,
			);
			path = WrapViewTests;
			sourceTree = "<group>";
		};
		784C655F239A694D00B9B30E /* WrapViewUITests */ = {
			isa = PBXGroup;
			children = (
				784C6560239A694D00B9B30E /* WrapViewUITests.swift */,
				784C6562239A694D00B9B30E /* Info.plist */,
			);
			path = WrapViewUITests;
			sourceTree = "<group>";
		};
		784C656E239A69AD00B9B30E /* Main */ = {
			isa = PBXGroup;
			children = (
				784C653E239A694A00B9B30E /* AppDelegate.swift */,
				784C6540239A694A00B9B30E /* SceneDelegate.swift */,
			);
			path = Main;
			sourceTree = "<group>";
		};
		784C656F239A69B600B9B30E /* WrapView */ = {
			isa = PBXGroup;
			children = (
				784C6542239A694A00B9B30E /* ContentView.swift */,
				784C6570239A69CB00B9B30E /* RectangleView.swift */,
			);
			path = WrapView;
			sourceTree = "<group>";
		};
/* End PBXGroup section */

/* Begin PBXNativeTarget section */
		784C653A239A694A00B9B30E /* WrapView */ = {
			isa = PBXNativeTarget;
			buildConfigurationList = 784C6565239A694D00B9B30E /* Build configuration list for PBXNativeTarget "WrapView" */;
			buildPhases = (
				784C6537239A694A00B9B30E /* Sources */,
				784C6538239A694A00B9B30E /* Frameworks */,
				784C6539239A694A00B9B30E /* Resources */,
			);
			buildRules = (
			);
			dependencies = (
			);
			name = WrapView;
			productName = WrapView;
			productReference = 784C653B239A694A00B9B30E /* WrapView.app */;
			productType = "com.apple.product-type.application";
		};
		784C6550239A694D00B9B30E /* WrapViewTests */ = {
			isa = PBXNativeTarget;
			buildConfigurationList = 784C6568239A694D00B9B30E /* Build configuration list for PBXNativeTarget "WrapViewTests" */;
			buildPhases = (
				784C654D239A694D00B9B30E /* Sources */,
				784C654E239A694D00B9B30E /* Frameworks */,
				784C654F239A694D00B9B30E /* Resources */,
			);
			buildRules = (
			);
			dependencies = (
				784C6553239A694D00B9B30E /* PBXTargetDependency */,
			);
			name = WrapViewTests;
			productName = WrapViewTests;
			productReference = 784C6551239A694D00B9B30E /* WrapViewTests.xctest */;
			productType = "com.apple.product-type.bundle.unit-test";
		};
		784C655B239A694D00B9B30E /* WrapViewUITests */ = {
			isa = PBXNativeTarget;
			buildConfigurationList = 784C656B239A694D00B9B30E /* Build configuration list for PBXNativeTarget "WrapViewUITests" */;
			buildPhases = (
				784C6558239A694D00B9B30E /* Sources */,
				784C6559239A694D00B9B30E /* Frameworks */,
				784C655A239A694D00B9B30E /* Resources */,
			);
			buildRules = (
			);
			dependencies = (
				784C655E239A694D00B9B30E /* PBXTargetDependency */,
			);
			name = WrapViewUITests;
			productName = WrapViewUITests;
			productReference = 784C655C239A694D00B9B30E /* WrapViewUITests.xctest */;
			productType = "com.apple.product-type.bundle.ui-testing";
		};
/* End PBXNativeTarget section */

/* Begin PBXProject section */
		784C6533239A694A00B9B30E /* Project object */ = {
			isa = PBXProject;
			attributes = {
				LastSwiftUpdateCheck = 1120;
				LastUpgradeCheck = 1120;
				ORGANIZATIONNAME = "Thirstysea Ltd";
				TargetAttributes = {
					784C653A239A694A00B9B30E = {
						CreatedOnToolsVersion = 11.2;
					};
					784C6550239A694D00B9B30E = {
						CreatedOnToolsVersion = 11.2;
						TestTargetID = 784C653A239A694A00B9B30E;
					};
					784C655B239A694D00B9B30E = {
						CreatedOnToolsVersion = 11.2;
						TestTargetID = 784C653A239A694A00B9B30E;
					};
				};
			};
			buildConfigurationList = 784C6536239A694A00B9B30E /* Build configuration list for PBXProject "WrapView" */;
			compatibilityVersion = "Xcode 9.3";
			developmentRegion = en;
			hasScannedForEncodings = 0;
			knownRegions = (
				en,
				Base,
			);
			mainGroup = 784C6532239A694900B9B30E;
			productRefGroup = 784C653C239A694A00B9B30E /* Products */;
			projectDirPath = "";
			projectRoot = "";
			targets = (
				784C653A239A694A00B9B30E /* WrapView */,
				784C6550239A694D00B9B30E /* WrapViewTests */,
				784C655B239A694D00B9B30E /* WrapViewUITests */,
			);
		};
/* End PBXProject section */

/* Begin PBXResourcesBuildPhase section */
		784C6539239A694A00B9B30E /* Resources */ = {
			isa = PBXResourcesBuildPhase;
			buildActionMask = 2147483647;
			files = (
				784C654B239A694D00B9B30E /* LaunchScreen.storyboard in Resources */,
				784C6548239A694D00B9B30E /* Preview Assets.xcassets in Resources */,
				784C6545239A694D00B9B30E /* Assets.xcassets in Resources */,
			);
			runOnlyForDeploymentPostprocessing = 0;
		};
		784C654F239A694D00B9B30E /* Resources */ = {
			isa = PBXResourcesBuildPhase;
			buildActionMask = 2147483647;
			files = (
			);
			runOnlyForDeploymentPostprocessing = 0;
		};
		784C655A239A694D00B9B30E /* Resources */ = {
			isa = PBXResourcesBuildPhase;
			buildActionMask = 2147483647;
			files = (
			);
			runOnlyForDeploymentPostprocessing = 0;
		};
/* End PBXResourcesBuildPhase section */

/* Begin PBXSourcesBuildPhase section */
		784C6537239A694A00B9B30E /* Sources */ = {
			isa = PBXSourcesBuildPhase;
			buildActionMask = 2147483647;
			files = (
				784C653F239A694A00B9B30E /* AppDelegate.swift in Sources */,
				784C6541239A694A00B9B30E /* SceneDelegate.swift in Sources */,
				784C6571239A69CB00B9B30E /* RectangleView.swift in Sources */,
				784C6543239A694A00B9B30E /* ContentView.swift in Sources */,
			);
			runOnlyForDeploymentPostprocessing = 0;
		};
		784C654D239A694D00B9B30E /* Sources */ = {
			isa = PBXSourcesBuildPhase;
			buildActionMask = 2147483647;
			files = (
				784C6556239A694D00B9B30E /* WrapViewTests.swift in Sources */,
			);
			runOnlyForDeploymentPostprocessing = 0;
		};
		784C6558239A694D00B9B30E /* Sources */ = {
			isa = PBXSourcesBuildPhase;
			buildActionMask = 2147483647;
			files = (
				784C6561239A694D00B9B30E /* WrapViewUITests.swift in Sources */,
			);
			runOnlyForDeploymentPostprocessing = 0;
		};
/* End PBXSourcesBuildPhase section */

/* Begin PBXTargetDependency section */
		784C6553239A694D00B9B30E /* PBXTargetDependency */ = {
			isa = PBXTargetDependency;
			target = 784C653A239A694A00B9B30E /* WrapView */;
			targetProxy = 784C6552239A694D00B9B30E /* PBXContainerItemProxy */;
		};
		784C655E239A694D00B9B30E /* PBXTargetDependency */ = {
			isa = PBXTargetDependency;
			target = 784C653A239A694A00B9B30E /* WrapView */;
			targetProxy = 784C655D239A694D00B9B30E /* PBXContainerItemProxy */;
		};
/* End PBXTargetDependency section */

/* Begin PBXVariantGroup section */
		784C6549239A694D00B9B30E /* LaunchScreen.storyboard */ = {
			isa = PBXVariantGroup;
			children = (
				784C654A239A694D00B9B30E /* Base */,
			);
			name = LaunchScreen.storyboard;
			sourceTree = "<group>";
		};
/* End PBXVariantGroup section */

/* Begin XCBuildConfiguration section */
		784C6563239A694D00B9B30E /* Debug */ = {
			isa = XCBuildConfiguration;
			buildSettings = {
				ALWAYS_SEARCH_USER_PATHS = NO;
				CLANG_ANALYZER_NONNULL = YES;
				CLANG_ANALYZER_NUMBER_OBJECT_CONVERSION = YES_AGGRESSIVE;
				CLANG_CXX_LANGUAGE_STANDARD = "gnu++14";
				CLANG_CXX_LIBRARY = "libc++";
				CLANG_ENABLE_MODULES = YES;
				CLANG_ENABLE_OBJC_ARC = YES;
				CLANG_ENABLE_OBJC_WEAK = YES;
				CLANG_WARN_BLOCK_CAPTURE_AUTORELEASING = YES;
				CLANG_WARN_BOOL_CONVERSION = YES;
				CLANG_WARN_COMMA = YES;
				CLANG_WARN_CONSTANT_CONVERSION = YES;
				CLANG_WARN_DEPRECATED_OBJC_IMPLEMENTATIONS = YES;
				CLANG_WARN_DIRECT_OBJC_ISA_USAGE = YES_ERROR;
				CLANG_WARN_DOCUMENTATION_COMMENTS = YES;
				CLANG_WARN_EMPTY_BODY = YES;
				CLANG_WARN_ENUM_CONVERSION = YES;
				CLANG_WARN_INFINITE_RECURSION = YES;
				CLANG_WARN_INT_CONVERSION = YES;
				CLANG_WARN_NON_LITERAL_NULL_CONVERSION = YES;
				CLANG_WARN_OBJC_IMPLICIT_RETAIN_SELF = YES;
				CLANG_WARN_OBJC_LITERAL_CONVERSION = YES;
				CLANG_WARN_OBJC_ROOT_CLASS = YES_ERROR;
				CLANG_WARN_RANGE_LOOP_ANALYSIS = YES;
				CLANG_WARN_STRICT_PROTOTYPES = YES;
				CLANG_WARN_SUSPICIOUS_MOVE = YES;
				CLANG_WARN_UNGUARDED_AVAILABILITY = YES_AGGRESSIVE;
				CLANG_WARN_UNREACHABLE_CODE = YES;
				CLANG_WARN__DUPLICATE_METHOD_MATCH = YES;
				COPY_PHASE_STRIP = NO;
				DEBUG_INFORMATION_FORMAT = dwarf;
				ENABLE_STRICT_OBJC_MSGSEND = YES;
				ENABLE_TESTABILITY = YES;
				GCC_C_LANGUAGE_STANDARD = gnu11;
				GCC_DYNAMIC_NO_PIC = NO;
				GCC_NO_COMMON_BLOCKS = YES;
				GCC_OPTIMIZATION_LEVEL = 0;
				GCC_PREPROCESSOR_DEFINITIONS = (
					"DEBUG=1",
					"$(inherited)",
				);
				GCC_WARN_64_TO_32_BIT_CONVERSION = YES;
				GCC_WARN_ABOUT_RETURN_TYPE = YES_ERROR;
				GCC_WARN_UNDECLARED_SELECTOR = YES;
				GCC_WARN_UNINITIALIZED_AUTOS = YES_AGGRESSIVE;
				GCC_WARN_UNUSED_FUNCTION = YES;
				GCC_WARN_UNUSED_VARIABLE = YES;
				IPHONEOS_DEPLOYMENT_TARGET = 13.2;
				MTL_ENABLE_DEBUG_INFO = INCLUDE_SOURCE;
				MTL_FAST_MATH = YES;
				ONLY_ACTIVE_ARCH = YES;
				SDKROOT = iphoneos;
				SWIFT_ACTIVE_COMPILATION_CONDITIONS = DEBUG;
				SWIFT_OPTIMIZATION_LEVEL = "-Onone";
			};
			name = Debug;
		};
		784C6564239A694D00B9B30E /* Release */ = {
			isa = XCBuildConfiguration;
			buildSettings = {
				ALWAYS_SEARCH_USER_PATHS = NO;
				CLANG_ANALYZER_NONNULL = YES;
				CLANG_ANALYZER_NUMBER_OBJECT_CONVERSION = YES_AGGRESSIVE;
				CLANG_CXX_LANGUAGE_STANDARD = "gnu++14";
				CLANG_CXX_LIBRARY = "libc++";
				CLANG_ENABLE_MODULES = YES;
				CLANG_ENABLE_OBJC_ARC = YES;
				CLANG_ENABLE_OBJC_WEAK = YES;
				CLANG_WARN_BLOCK_CAPTURE_AUTORELEASING = YES;
				CLANG_WARN_BOOL_CONVERSION = YES;
				CLANG_WARN_COMMA = YES;
				CLANG_WARN_CONSTANT_CONVERSION = YES;
				CLANG_WARN_DEPRECATED_OBJC_IMPLEMENTATIONS = YES;
				CLANG_WARN_DIRECT_OBJC_ISA_USAGE = YES_ERROR;
				CLANG_WARN_DOCUMENTATION_COMMENTS = YES;
				CLANG_WARN_EMPTY_BODY = YES;
				CLANG_WARN_ENUM_CONVERSION = YES;
				CLANG_WARN_INFINITE_RECURSION = YES;
				CLANG_WARN_INT_CONVERSION = YES;
				CLANG_WARN_NON_LITERAL_NULL_CONVERSION = YES;
				CLANG_WARN_OBJC_IMPLICIT_RETAIN_SELF = YES;
				CLANG_WARN_OBJC_LITERAL_CONVERSION = YES;
				CLANG_WARN_OBJC_ROOT_CLASS = YES_ERROR;
				CLANG_WARN_RANGE_LOOP_ANALYSIS = YES;
				CLANG_WARN_STRICT_PROTOTYPES = YES;
				CLANG_WARN_SUSPICIOUS_MOVE = YES;
				CLANG_WARN_UNGUARDED_AVAILABILITY = YES_AGGRESSIVE;
				CLANG_WARN_UNREACHABLE_CODE = YES;
				CLANG_WARN__DUPLICATE_METHOD_MATCH = YES;
				COPY_PHASE_STRIP = NO;
				DEBUG_INFORMATION_FORMAT = "dwarf-with-dsym";
				ENABLE_NS_ASSERTIONS = NO;
				ENABLE_STRICT_OBJC_MSGSEND = YES;
				GCC_C_LANGUAGE_STANDARD = gnu11;
				GCC_NO_COMMON_BLOCKS = YES;
				GCC_WARN_64_TO_32_BIT_CONVERSION = YES;
				GCC_WARN_ABOUT_RETURN_TYPE = YES_ERROR;
				GCC_WARN_UNDECLARED_SELECTOR = YES;
				GCC_WARN_UNINITIALIZED_AUTOS = YES_AGGRESSIVE;
				GCC_WARN_UNUSED_FUNCTION = YES;
				GCC_WARN_UNUSED_VARIABLE = YES;
				IPHONEOS_DEPLOYMENT_TARGET = 13.2;
				MTL_ENABLE_DEBUG_INFO = NO;
				MTL_FAST_MATH = YES;
				SDKROOT = iphoneos;
				SWIFT_COMPILATION_MODE = wholemodule;
				SWIFT_OPTIMIZATION_LEVEL = "-O";
				VALIDATE_PRODUCT = YES;
			};
			name = Release;
		};
		784C6566239A694D00B9B30E /* Debug */ = {
			isa = XCBuildConfiguration;
			buildSettings = {
				ASSETCATALOG_COMPILER_APPICON_NAME = AppIcon;
				CODE_SIGN_STYLE = Automatic;
				DEVELOPMENT_ASSET_PATHS = "\"WrapView/Preview Content\"";
				DEVELOPMENT_TEAM = 34AT4PX8ZH;
				ENABLE_PREVIEWS = YES;
				INFOPLIST_FILE = WrapView/Info.plist;
				LD_RUNPATH_SEARCH_PATHS = (
					"$(inherited)",
					"@executable_path/Frameworks",
				);
				PRODUCT_BUNDLE_IDENTIFIER = com.thirstysea.WrapView;
				PRODUCT_NAME = "$(TARGET_NAME)";
				SWIFT_VERSION = 5.0;
				TARGETED_DEVICE_FAMILY = "1,2";
			};
			name = Debug;
		};
		784C6567239A694D00B9B30E /* Release */ = {
			isa = XCBuildConfiguration;
			buildSettings = {
				ASSETCATALOG_COMPILER_APPICON_NAME = AppIcon;
				CODE_SIGN_STYLE = Automatic;
				DEVELOPMENT_ASSET_PATHS = "\"WrapView/Preview Content\"";
				DEVELOPMENT_TEAM = 34AT4PX8ZH;
				ENABLE_PREVIEWS = YES;
				INFOPLIST_FILE = WrapView/Info.plist;
				LD_RUNPATH_SEARCH_PATHS = (
					"$(inherited)",
					"@executable_path/Frameworks",
				);
				PRODUCT_BUNDLE_IDENTIFIER = com.thirstysea.WrapView;
				PRODUCT_NAME = "$(TARGET_NAME)";
				SWIFT_VERSION = 5.0;
				TARGETED_DEVICE_FAMILY = "1,2";
			};
			name = Release;
		};
		784C6569239A694D00B9B30E /* Debug */ = {
			isa = XCBuildConfiguration;
			buildSettings = {
				ALWAYS_EMBED_SWIFT_STANDARD_LIBRARIES = YES;
				BUNDLE_LOADER = "$(TEST_HOST)";
				CODE_SIGN_STYLE = Automatic;
				DEVELOPMENT_TEAM = 34AT4PX8ZH;
				INFOPLIST_FILE = WrapViewTests/Info.plist;
				IPHONEOS_DEPLOYMENT_TARGET = 13.2;
				LD_RUNPATH_SEARCH_PATHS = (
					"$(inherited)",
					"@executable_path/Frameworks",
					"@loader_path/Frameworks",
				);
				PRODUCT_BUNDLE_IDENTIFIER = com.thirstysea.WrapViewTests;
				PRODUCT_NAME = "$(TARGET_NAME)";
				SWIFT_VERSION = 5.0;
				TARGETED_DEVICE_FAMILY = "1,2";
				TEST_HOST = "$(BUILT_PRODUCTS_DIR)/WrapView.app/WrapView";
			};
			name = Debug;
		};
		784C656A239A694D00B9B30E /* Release */ = {
			isa = XCBuildConfiguration;
			buildSettings = {
				ALWAYS_EMBED_SWIFT_STANDARD_LIBRARIES = YES;
				BUNDLE_LOADER = "$(TEST_HOST)";
				CODE_SIGN_STYLE = Automatic;
				DEVELOPMENT_TEAM = 34AT4PX8ZH;
				INFOPLIST_FILE = WrapViewTests/Info.plist;
				IPHONEOS_DEPLOYMENT_TARGET = 13.2;
				LD_RUNPATH_SEARCH_PATHS = (
					"$(inherited)",
					"@executable_path/Frameworks",
					"@loader_path/Frameworks",
				);
				PRODUCT_BUNDLE_IDENTIFIER = com.thirstysea.WrapViewTests;
				PRODUCT_NAME = "$(TARGET_NAME)";
				SWIFT_VERSION = 5.0;
				TARGETED_DEVICE_FAMILY = "1,2";
				TEST_HOST = "$(BUILT_PRODUCTS_DIR)/WrapView.app/WrapView";
			};
			name = Release;
		};
		784C656C239A694D00B9B30E /* Debug */ = {
			isa = XCBuildConfiguration;
			buildSettings = {
				ALWAYS_EMBED_SWIFT_STANDARD_LIBRARIES = YES;
				CODE_SIGN_STYLE = Automatic;
				DEVELOPMENT_TEAM = 34AT4PX8ZH;
				INFOPLIST_FILE = WrapViewUITests/Info.plist;
				LD_RUNPATH_SEARCH_PATHS = (
					"$(inherited)",
					"@executable_path/Frameworks",
					"@loader_path/Frameworks",
				);
				PRODUCT_BUNDLE_IDENTIFIER = com.thirstysea.WrapViewUITests;
				PRODUCT_NAME = "$(TARGET_NAME)";
				SWIFT_VERSION = 5.0;
				TARGETED_DEVICE_FAMILY = "1,2";
				TEST_TARGET_NAME = WrapView;
			};
			name = Debug;
		};
		784C656D239A694D00B9B30E /* Release */ = {
			isa = XCBuildConfiguration;
			buildSettings = {
				ALWAYS_EMBED_SWIFT_STANDARD_LIBRARIES = YES;
				CODE_SIGN_STYLE = Automatic;
				DEVELOPMENT_TEAM = 34AT4PX8ZH;
				INFOPLIST_FILE = WrapViewUITests/Info.plist;
				LD_RUNPATH_SEARCH_PATHS = (
					"$(inherited)",
					"@executable_path/Frameworks",
					"@loader_path/Frameworks",
				);
				PRODUCT_BUNDLE_IDENTIFIER = com.thirstysea.WrapViewUITests;
				PRODUCT_NAME = "$(TARGET_NAME)";
				SWIFT_VERSION = 5.0;
				TARGETED_DEVICE_FAMILY = "1,2";
				TEST_TARGET_NAME = WrapView;
			};
			name = Release;
		};
/* End XCBuildConfiguration section */

/* Begin XCConfigurationList section */
		784C6536239A694A00B9B30E /* Build configuration list for PBXProject "WrapView" */ = {
			isa = XCConfigurationList;
			buildConfigurations = (
				784C6563239A694D00B9B30E /* Debug */,
				784C6564239A694D00B9B30E /* Release */,
			);
			defaultConfigurationIsVisible = 0;
			defaultConfigurationName = Release;
		};
		784C6565239A694D00B9B30E /* Build configuration list for PBXNativeTarget "WrapView" */ = {
			isa = XCConfigurationList;
			buildConfigurations = (
				784C6566239A694D00B9B30E /* Debug */,
				784C6567239A694D00B9B30E /* Release */,
			);
			defaultConfigurationIsVisible = 0;
			defaultConfigurationName = Release;
		};
		784C6568239A694D00B9B30E /* Build configuration list for PBXNativeTarget "WrapViewTests" */ = {
			isa = XCConfigurationList;
			buildConfigurations = (
				784C6569239A694D00B9B30E /* Debug */,
				784C656A239A694D00B9B30E /* Release */,
			);
			defaultConfigurationIsVisible = 0;
			defaultConfigurationName = Release;
		};
		784C656B239A694D00B9B30E /* Build configuration list for PBXNativeTarget "WrapViewUITests" */ = {
			isa = XCConfigurationList;
			buildConfigurations = (
				784C656C239A694D00B9B30E /* Debug */,
				784C656D239A694D00B9B30E /* Release */,
			);
			defaultConfigurationIsVisible = 0;
			defaultConfigurationName = Release;
		};
/* End XCConfigurationList section */
	};
	rootObject = 784C6533239A694A00B9B30E /* Project object */;
}
